
Microsoft Visual Studio Solution File, Format Version 12.00
# Visual Studio Version 16
VisualStudioVersion = 16.0.30611.23
MinimumVisualStudioVersion = 10.0.40219.1
Project("{FAE04EC0-301F-11D3-BF4B-00C04F79EFBC}") = "Les1Ex1", "Les1Ex1\Les1Ex1.csproj", "{BB130122-4CBE-4387-A588-5E1E90522F0C}"
EndProject
Project("{2150E333-8FDC-42A3-9474-1A3956D46DE8}") = "Les1", "Les1", "{0E097D2B-24A1-460D-ADAF-821B8DE03AD5}"
EndProject
Project("{2150E333-8FDC-42A3-9474-1A3956D46DE8}") = "Les2", "Les2", "{5C7D424D-C6A2-49CE-850C-7BCD73C5F351}"
EndProject
Project("{2150E333-8FDC-42A3-9474-1A3956D46DE8}") = "Ex1", "Ex1", "{03B7A1E7-0DCE-4C87-A60D-0B3CD6795AB2}"
EndProject
Project("{FAE04EC0-301F-11D3-BF4B-00C04F79EFBC}") = "Les2Ex1", "Les2Ex1\Les2Ex1.csproj", "{95D5319E-CF77-4D4F-9FBE-7CAEB6879E11}"
EndProject
Project("{2150E333-8FDC-42A3-9474-1A3956D46DE8}") = "Ex2", "Ex2", "{69B0384A-BFA9-4191-A167-FBFB40A8F56B}"
EndProject
Project("{FAE04EC0-301F-11D3-BF4B-00C04F79EFBC}") = "Les2Ex2", "Les2Ex2\Les2Ex2.csproj", "{3DC7F97E-4A1B-4943-8A0F-CBE4E4A792FD}"
EndProject
Global
	GlobalSection(SolutionConfigurationPlatforms) = preSolution
		Debug|Any CPU = Debug|Any CPU
		Release|Any CPU = Release|Any CPU
	EndGlobalSection
	GlobalSection(ProjectConfigurationPlatforms) = postSolution
		{BB130122-4CBE-4387-A588-5E1E90522F0C}.Debug|Any CPU.ActiveCfg = Debug|Any CPU
		{BB130122-4CBE-4387-A588-5E1E90522F0C}.Debug|Any CPU.Build.0 = Debug|Any CPU
		{BB130122-4CBE-4387-A588-5E1E90522F0C}.Release|Any CPU.ActiveCfg = Release|Any CPU
		{BB130122-4CBE-4387-A588-5E1E90522F0C}.Release|Any CPU.Build.0 = Release|Any CPU
		{95D5319E-CF77-4D4F-9FBE-7CAEB6879E11}.Debug|Any CPU.ActiveCfg = Debug|Any CPU
		{95D5319E-CF77-4D4F-9FBE-7CAEB6879E11}.Debug|Any CPU.Build.0 = Debug|Any CPU
		{95D5319E-CF77-4D4F-9FBE-7CAEB6879E11}.Release|Any CPU.ActiveCfg = Release|Any CPU
		{95D5319E-CF77-4D4F-9FBE-7CAEB6879E11}.Release|Any CPU.Build.0 = Release|Any CPU
		{3DC7F97E-4A1B-4943-8A0F-CBE4E4A792FD}.Debug|Any CPU.ActiveCfg = Debug|Any CPU
		{3DC7F97E-4A1B-4943-8A0F-CBE4E4A792FD}.Debug|Any CPU.Build.0 = Debug|Any CPU
		{3DC7F97E-4A1B-4943-8A0F-CBE4E4A792FD}.Release|Any CPU.ActiveCfg = Release|Any CPU
		{3DC7F97E-4A1B-4943-8A0F-CBE4E4A792FD}.Release|Any CPU.Build.0 = Release|Any CPU
	EndGlobalSection
	GlobalSection(SolutionProperties) = preSolution
		HideSolutionNode = FALSE
	EndGlobalSection
	GlobalSection(NestedProjects) = preSolution
		{BB130122-4CBE-4387-A588-5E1E90522F0C} = {0E097D2B-24A1-460D-ADAF-821B8DE03AD5}
		{03B7A1E7-0DCE-4C87-A60D-0B3CD6795AB2} = {5C7D424D-C6A2-49CE-850C-7BCD73C5F351}
		{95D5319E-CF77-4D4F-9FBE-7CAEB6879E11} = {03B7A1E7-0DCE-4C87-A60D-0B3CD6795AB2}
		{69B0384A-BFA9-4191-A167-FBFB40A8F56B} = {5C7D424D-C6A2-49CE-850C-7BCD73C5F351}
		{3DC7F97E-4A1B-4943-8A0F-CBE4E4A792FD} = {69B0384A-BFA9-4191-A167-FBFB40A8F56B}
	EndGlobalSection
	GlobalSection(ExtensibilityGlobals) = postSolution
		SolutionGuid = {759ADD8A-F0D0-47DF-AEEF-FE8805CFA518}
	EndGlobalSection
EndGlobal
