
Microsoft Visual Studio Solution File, Format Version 12.00
# Visual Studio Version 16
VisualStudioVersion = 16.0.30611.23
MinimumVisualStudioVersion = 10.0.40219.1
Project("{FAE04EC0-301F-11D3-BF4B-00C04F79EFBC}") = "Les1Ex1", "Les1Ex1\Les1Ex1.csproj", "{BB130122-4CBE-4387-A588-5E1E90522F0C}"
EndProject
Project("{2150E333-8FDC-42A3-9474-1A3956D46DE8}") = "Les1", "Les1", "{0E097D2B-24A1-460D-ADAF-821B8DE03AD5}"
EndProject
Project("{2150E333-8FDC-42A3-9474-1A3956D46DE8}") = "Les2", "Les2", "{5C7D424D-C6A2-49CE-850C-7BCD73C5F351}"
	ProjectSection(SolutionItems) = preProject
		ReadMe.txt = ReadMe.txt
	EndProjectSection
EndProject
Project("{2150E333-8FDC-42A3-9474-1A3956D46DE8}") = "Ex1", "Ex1", "{03B7A1E7-0DCE-4C87-A60D-0B3CD6795AB2}"
EndProject
Project("{FAE04EC0-301F-11D3-BF4B-00C04F79EFBC}") = "Les2Ex1", "Les2Ex1\Les2Ex1.csproj", "{95D5319E-CF77-4D4F-9FBE-7CAEB6879E11}"
EndProject
Project("{2150E333-8FDC-42A3-9474-1A3956D46DE8}") = "Ex2", "Ex2", "{69B0384A-BFA9-4191-A167-FBFB40A8F56B}"
EndProject
Project("{FAE04EC0-301F-11D3-BF4B-00C04F79EFBC}") = "Les2Ex2", "Les2Ex2\Les2Ex2.csproj", "{3DC7F97E-4A1B-4943-8A0F-CBE4E4A792FD}"
EndProject
Project("{2150E333-8FDC-42A3-9474-1A3956D46DE8}") = "Ex3", "Ex3", "{ECFDBD3A-F7AD-42EF-8A4B-EB916EE011F8}"
EndProject
Project("{FAE04EC0-301F-11D3-BF4B-00C04F79EFBC}") = "Ex3", "Ex3\Ex3.csproj", "{EEADDFA5-EAEE-462C-82D6-34C7B626FE15}"
EndProject
Project("{2150E333-8FDC-42A3-9474-1A3956D46DE8}") = "Ex4", "Ex4", "{EC953233-F225-42AC-8662-1E9EE39B822B}"
EndProject
Project("{FAE04EC0-301F-11D3-BF4B-00C04F79EFBC}") = "Ex4", "Ex4\Ex4.csproj", "{32947C4A-A9A8-4893-BDE4-80097109AECB}"
EndProject
Project("{2150E333-8FDC-42A3-9474-1A3956D46DE8}") = "Ex5", "Ex5", "{D433C08E-5504-4BC7-B2C7-0FA63638A5DA}"
EndProject
Project("{2150E333-8FDC-42A3-9474-1A3956D46DE8}") = "Ex6", "Ex6", "{7059E107-7191-4C10-87CB-1E469F1870E4}"
EndProject
Project("{FAE04EC0-301F-11D3-BF4B-00C04F79EFBC}") = "Ex5", "Ex5\Ex5.csproj", "{B16D3BE1-3413-4660-90C0-664FB080F656}"
EndProject
Project("{FAE04EC0-301F-11D3-BF4B-00C04F79EFBC}") = "Ex6", "Ex6\Ex6.csproj", "{54997ACD-5581-42D1-9D06-4BC0BBBC4202}"
EndProject
Project("{2150E333-8FDC-42A3-9474-1A3956D46DE8}") = "Les3", "Les3", "{9AC4786B-774C-457F-BE8C-A73360E58D9B}"
EndProject
Project("{2150E333-8FDC-42A3-9474-1A3956D46DE8}") = "Ex1", "Ex1", "{880181CB-F14C-400E-AA2A-A77F9051C4DD}"
EndProject
Project("{2150E333-8FDC-42A3-9474-1A3956D46DE8}") = "Ex2", "Ex2", "{5138FE58-5CDE-4DC2-88E8-08515ED041DC}"
EndProject
Project("{2150E333-8FDC-42A3-9474-1A3956D46DE8}") = "Ex3", "Ex3", "{C8D00430-239A-4F56-B97F-B37923A81EB4}"
EndProject
Project("{2150E333-8FDC-42A3-9474-1A3956D46DE8}") = "Ex4", "Ex4", "{4A4E5566-C1EC-4D29-B169-063932A28FB3}"
EndProject
Project("{FAE04EC0-301F-11D3-BF4B-00C04F79EFBC}") = "Les3Ex1", "Les3Ex1\Les3Ex1.csproj", "{5389BEE1-97F5-462F-AB7A-44A6B168003B}"
EndProject
Project("{FAE04EC0-301F-11D3-BF4B-00C04F79EFBC}") = "Les3Ex2", "Les3Ex2\Les3Ex2.csproj", "{F6DAFC9B-ED71-4D8C-9B03-B1BBA463C66E}"
EndProject
Project("{FAE04EC0-301F-11D3-BF4B-00C04F79EFBC}") = "Les3Ex3", "Les3Ex3\Les3Ex3.csproj", "{4E74E93E-D59E-406B-A1ED-A82B207332F8}"
EndProject
Project("{FAE04EC0-301F-11D3-BF4B-00C04F79EFBC}") = "Les3Ex4", "Les3Ex4\Les3Ex4.csproj", "{D3774A61-81BC-4D9F-AA57-3DA6DC0A830B}"
EndProject
Project("{2150E333-8FDC-42A3-9474-1A3956D46DE8}") = "Les4", "Les4", "{20519E6D-7929-433B-BC5A-44CB4BAC0517}"
EndProject
Project("{2150E333-8FDC-42A3-9474-1A3956D46DE8}") = "Ex1", "Ex1", "{AA38E246-BE15-4EA7-86ED-BF591927073A}"
EndProject
Project("{2150E333-8FDC-42A3-9474-1A3956D46DE8}") = "Ex2", "Ex2", "{10437FAB-01CC-4E28-92E5-82BCBFD712B7}"
EndProject
Project("{2150E333-8FDC-42A3-9474-1A3956D46DE8}") = "Ex3", "Ex3", "{8476C941-893B-4EE0-BD01-9562E3871910}"
EndProject
Project("{2150E333-8FDC-42A3-9474-1A3956D46DE8}") = "Ex4", "Ex4", "{B7362AC1-748C-4C56-8E14-D62A0EDFCB63}"
EndProject
Project("{FAE04EC0-301F-11D3-BF4B-00C04F79EFBC}") = "Les4Ex1", "Les4Ex1\Les4Ex1.csproj", "{9FFEE4DA-2A45-4FA9-81C3-E0F167C2D166}"
EndProject
Project("{FAE04EC0-301F-11D3-BF4B-00C04F79EFBC}") = "Les4Ex2", "Les4Ex2\Les4Ex2.csproj", "{D742BCB5-60A1-4AA9-93E8-353E23D4FE1C}"
EndProject
Project("{FAE04EC0-301F-11D3-BF4B-00C04F79EFBC}") = "Les4Ex3", "Les4Ex3\Les4Ex3.csproj", "{D1349922-FF5B-4CB7-AE30-F675B564E4FD}"
EndProject
Project("{FAE04EC0-301F-11D3-BF4B-00C04F79EFBC}") = "Les4Ex4", "Les4Ex4\Les4Ex4.csproj", "{3318177F-D3C7-4A0F-9C4F-6EF31F9174AF}"
EndProject
Project("{2150E333-8FDC-42A3-9474-1A3956D46DE8}") = "Les5", "Les5", "{D76C0A73-78A5-4001-BE42-8D360FB3A86B}"
EndProject
Project("{2150E333-8FDC-42A3-9474-1A3956D46DE8}") = "Ex1", "Ex1", "{83F1E3C3-A4BD-4A09-9981-1ED12474015C}"
EndProject
Project("{FAE04EC0-301F-11D3-BF4B-00C04F79EFBC}") = "Les5Ex1", "Les5Ex1\Les5Ex1.csproj", "{D19CF2F0-B2D4-4C67-8793-B31A9DED4EDE}"
EndProject
Project("{2150E333-8FDC-42A3-9474-1A3956D46DE8}") = "Ex2", "Ex2", "{5A370876-E8E2-42FB-A0A3-B35EC532918E}"
EndProject
Project("{FAE04EC0-301F-11D3-BF4B-00C04F79EFBC}") = "Les5Ex2", "Les5Ex2\Les5Ex2.csproj", "{C9B38F59-C46D-440D-96EA-374423351EA6}"
EndProject
Project("{2150E333-8FDC-42A3-9474-1A3956D46DE8}") = "Ex3", "Ex3", "{F082E4E1-FE5F-41DD-8BDF-40BC551B1004}"
EndProject
Project("{FAE04EC0-301F-11D3-BF4B-00C04F79EFBC}") = "Les5Ex3", "Les5Ex3\Les5Ex3.csproj", "{97372A4E-4179-49E7-81C0-E251EE101D76}"
EndProject
Project("{2150E333-8FDC-42A3-9474-1A3956D46DE8}") = "Ex4", "Ex4", "{45756688-6BB0-4937-8E14-240C4B9D49A5}"
EndProject
Project("{FAE04EC0-301F-11D3-BF4B-00C04F79EFBC}") = "Les5Ex4", "Les5Ex4\Les5Ex4.csproj", "{BD495F1F-D15A-425C-A847-283C3237F209}"
EndProject
Project("{2150E333-8FDC-42A3-9474-1A3956D46DE8}") = "Ex5", "Ex5", "{24E56354-0244-43FA-B2BF-287BB7F5DFFD}"
EndProject
Project("{9A19103F-16F7-4668-BE54-9A1E7A4F7556}") = "Les5Ex5Core", "Les5Ex5Core\Les5Ex5Core.csproj", "{F2B55749-3A2B-4D13-9FBE-F68A9CD9FF1C}"
EndProject
Project("{2150E333-8FDC-42A3-9474-1A3956D46DE8}") = "Les6", "Les6", "{DEE0FBC5-5109-4525-B85C-C59BC4703796}"
EndProject
Project("{FAE04EC0-301F-11D3-BF4B-00C04F79EFBC}") = "Les6Ex1", "Les6Ex1\Les6Ex1.csproj", "{0A70AE53-810D-49AC-BE17-769A0D521AD9}"
EndProject
Global
	GlobalSection(SolutionConfigurationPlatforms) = preSolution
		Debug|Any CPU = Debug|Any CPU
		Release|Any CPU = Release|Any CPU
	EndGlobalSection
	GlobalSection(ProjectConfigurationPlatforms) = postSolution
		{BB130122-4CBE-4387-A588-5E1E90522F0C}.Debug|Any CPU.ActiveCfg = Debug|Any CPU
		{BB130122-4CBE-4387-A588-5E1E90522F0C}.Debug|Any CPU.Build.0 = Debug|Any CPU
		{BB130122-4CBE-4387-A588-5E1E90522F0C}.Release|Any CPU.ActiveCfg = Release|Any CPU
		{BB130122-4CBE-4387-A588-5E1E90522F0C}.Release|Any CPU.Build.0 = Release|Any CPU
		{95D5319E-CF77-4D4F-9FBE-7CAEB6879E11}.Debug|Any CPU.ActiveCfg = Debug|Any CPU
		{95D5319E-CF77-4D4F-9FBE-7CAEB6879E11}.Debug|Any CPU.Build.0 = Debug|Any CPU
		{95D5319E-CF77-4D4F-9FBE-7CAEB6879E11}.Release|Any CPU.ActiveCfg = Release|Any CPU
		{95D5319E-CF77-4D4F-9FBE-7CAEB6879E11}.Release|Any CPU.Build.0 = Release|Any CPU
		{3DC7F97E-4A1B-4943-8A0F-CBE4E4A792FD}.Debug|Any CPU.ActiveCfg = Debug|Any CPU
		{3DC7F97E-4A1B-4943-8A0F-CBE4E4A792FD}.Debug|Any CPU.Build.0 = Debug|Any CPU
		{3DC7F97E-4A1B-4943-8A0F-CBE4E4A792FD}.Release|Any CPU.ActiveCfg = Release|Any CPU
		{3DC7F97E-4A1B-4943-8A0F-CBE4E4A792FD}.Release|Any CPU.Build.0 = Release|Any CPU
		{EEADDFA5-EAEE-462C-82D6-34C7B626FE15}.Debug|Any CPU.ActiveCfg = Debug|Any CPU
		{EEADDFA5-EAEE-462C-82D6-34C7B626FE15}.Debug|Any CPU.Build.0 = Debug|Any CPU
		{EEADDFA5-EAEE-462C-82D6-34C7B626FE15}.Release|Any CPU.ActiveCfg = Release|Any CPU
		{EEADDFA5-EAEE-462C-82D6-34C7B626FE15}.Release|Any CPU.Build.0 = Release|Any CPU
		{32947C4A-A9A8-4893-BDE4-80097109AECB}.Debug|Any CPU.ActiveCfg = Debug|Any CPU
		{32947C4A-A9A8-4893-BDE4-80097109AECB}.Debug|Any CPU.Build.0 = Debug|Any CPU
		{32947C4A-A9A8-4893-BDE4-80097109AECB}.Release|Any CPU.ActiveCfg = Release|Any CPU
		{32947C4A-A9A8-4893-BDE4-80097109AECB}.Release|Any CPU.Build.0 = Release|Any CPU
		{B16D3BE1-3413-4660-90C0-664FB080F656}.Debug|Any CPU.ActiveCfg = Debug|Any CPU
		{B16D3BE1-3413-4660-90C0-664FB080F656}.Debug|Any CPU.Build.0 = Debug|Any CPU
		{B16D3BE1-3413-4660-90C0-664FB080F656}.Release|Any CPU.ActiveCfg = Release|Any CPU
		{B16D3BE1-3413-4660-90C0-664FB080F656}.Release|Any CPU.Build.0 = Release|Any CPU
		{54997ACD-5581-42D1-9D06-4BC0BBBC4202}.Debug|Any CPU.ActiveCfg = Debug|Any CPU
		{54997ACD-5581-42D1-9D06-4BC0BBBC4202}.Debug|Any CPU.Build.0 = Debug|Any CPU
		{54997ACD-5581-42D1-9D06-4BC0BBBC4202}.Release|Any CPU.ActiveCfg = Release|Any CPU
		{54997ACD-5581-42D1-9D06-4BC0BBBC4202}.Release|Any CPU.Build.0 = Release|Any CPU
		{5389BEE1-97F5-462F-AB7A-44A6B168003B}.Debug|Any CPU.ActiveCfg = Debug|Any CPU
		{5389BEE1-97F5-462F-AB7A-44A6B168003B}.Debug|Any CPU.Build.0 = Debug|Any CPU
		{5389BEE1-97F5-462F-AB7A-44A6B168003B}.Release|Any CPU.ActiveCfg = Release|Any CPU
		{5389BEE1-97F5-462F-AB7A-44A6B168003B}.Release|Any CPU.Build.0 = Release|Any CPU
		{F6DAFC9B-ED71-4D8C-9B03-B1BBA463C66E}.Debug|Any CPU.ActiveCfg = Debug|Any CPU
		{F6DAFC9B-ED71-4D8C-9B03-B1BBA463C66E}.Debug|Any CPU.Build.0 = Debug|Any CPU
		{F6DAFC9B-ED71-4D8C-9B03-B1BBA463C66E}.Release|Any CPU.ActiveCfg = Release|Any CPU
		{F6DAFC9B-ED71-4D8C-9B03-B1BBA463C66E}.Release|Any CPU.Build.0 = Release|Any CPU
		{4E74E93E-D59E-406B-A1ED-A82B207332F8}.Debug|Any CPU.ActiveCfg = Debug|Any CPU
		{4E74E93E-D59E-406B-A1ED-A82B207332F8}.Debug|Any CPU.Build.0 = Debug|Any CPU
		{4E74E93E-D59E-406B-A1ED-A82B207332F8}.Release|Any CPU.ActiveCfg = Release|Any CPU
		{4E74E93E-D59E-406B-A1ED-A82B207332F8}.Release|Any CPU.Build.0 = Release|Any CPU
		{D3774A61-81BC-4D9F-AA57-3DA6DC0A830B}.Debug|Any CPU.ActiveCfg = Debug|Any CPU
		{D3774A61-81BC-4D9F-AA57-3DA6DC0A830B}.Debug|Any CPU.Build.0 = Debug|Any CPU
		{D3774A61-81BC-4D9F-AA57-3DA6DC0A830B}.Release|Any CPU.ActiveCfg = Release|Any CPU
		{D3774A61-81BC-4D9F-AA57-3DA6DC0A830B}.Release|Any CPU.Build.0 = Release|Any CPU
		{9FFEE4DA-2A45-4FA9-81C3-E0F167C2D166}.Debug|Any CPU.ActiveCfg = Debug|Any CPU
		{9FFEE4DA-2A45-4FA9-81C3-E0F167C2D166}.Debug|Any CPU.Build.0 = Debug|Any CPU
		{9FFEE4DA-2A45-4FA9-81C3-E0F167C2D166}.Release|Any CPU.ActiveCfg = Release|Any CPU
		{9FFEE4DA-2A45-4FA9-81C3-E0F167C2D166}.Release|Any CPU.Build.0 = Release|Any CPU
		{D742BCB5-60A1-4AA9-93E8-353E23D4FE1C}.Debug|Any CPU.ActiveCfg = Debug|Any CPU
		{D742BCB5-60A1-4AA9-93E8-353E23D4FE1C}.Debug|Any CPU.Build.0 = Debug|Any CPU
		{D742BCB5-60A1-4AA9-93E8-353E23D4FE1C}.Release|Any CPU.ActiveCfg = Release|Any CPU
		{D742BCB5-60A1-4AA9-93E8-353E23D4FE1C}.Release|Any CPU.Build.0 = Release|Any CPU
		{D1349922-FF5B-4CB7-AE30-F675B564E4FD}.Debug|Any CPU.ActiveCfg = Debug|Any CPU
		{D1349922-FF5B-4CB7-AE30-F675B564E4FD}.Debug|Any CPU.Build.0 = Debug|Any CPU
		{D1349922-FF5B-4CB7-AE30-F675B564E4FD}.Release|Any CPU.ActiveCfg = Release|Any CPU
		{D1349922-FF5B-4CB7-AE30-F675B564E4FD}.Release|Any CPU.Build.0 = Release|Any CPU
		{3318177F-D3C7-4A0F-9C4F-6EF31F9174AF}.Debug|Any CPU.ActiveCfg = Debug|Any CPU
		{3318177F-D3C7-4A0F-9C4F-6EF31F9174AF}.Debug|Any CPU.Build.0 = Debug|Any CPU
		{3318177F-D3C7-4A0F-9C4F-6EF31F9174AF}.Release|Any CPU.ActiveCfg = Release|Any CPU
		{3318177F-D3C7-4A0F-9C4F-6EF31F9174AF}.Release|Any CPU.Build.0 = Release|Any CPU
		{D19CF2F0-B2D4-4C67-8793-B31A9DED4EDE}.Debug|Any CPU.ActiveCfg = Debug|Any CPU
		{D19CF2F0-B2D4-4C67-8793-B31A9DED4EDE}.Debug|Any CPU.Build.0 = Debug|Any CPU
		{D19CF2F0-B2D4-4C67-8793-B31A9DED4EDE}.Release|Any CPU.ActiveCfg = Release|Any CPU
		{D19CF2F0-B2D4-4C67-8793-B31A9DED4EDE}.Release|Any CPU.Build.0 = Release|Any CPU
		{C9B38F59-C46D-440D-96EA-374423351EA6}.Debug|Any CPU.ActiveCfg = Debug|Any CPU
		{C9B38F59-C46D-440D-96EA-374423351EA6}.Debug|Any CPU.Build.0 = Debug|Any CPU
		{C9B38F59-C46D-440D-96EA-374423351EA6}.Release|Any CPU.ActiveCfg = Release|Any CPU
		{C9B38F59-C46D-440D-96EA-374423351EA6}.Release|Any CPU.Build.0 = Release|Any CPU
		{97372A4E-4179-49E7-81C0-E251EE101D76}.Debug|Any CPU.ActiveCfg = Debug|Any CPU
		{97372A4E-4179-49E7-81C0-E251EE101D76}.Debug|Any CPU.Build.0 = Debug|Any CPU
		{97372A4E-4179-49E7-81C0-E251EE101D76}.Release|Any CPU.ActiveCfg = Release|Any CPU
		{97372A4E-4179-49E7-81C0-E251EE101D76}.Release|Any CPU.Build.0 = Release|Any CPU
		{BD495F1F-D15A-425C-A847-283C3237F209}.Debug|Any CPU.ActiveCfg = Debug|Any CPU
		{BD495F1F-D15A-425C-A847-283C3237F209}.Debug|Any CPU.Build.0 = Debug|Any CPU
		{BD495F1F-D15A-425C-A847-283C3237F209}.Release|Any CPU.ActiveCfg = Release|Any CPU
		{BD495F1F-D15A-425C-A847-283C3237F209}.Release|Any CPU.Build.0 = Release|Any CPU
		{F2B55749-3A2B-4D13-9FBE-F68A9CD9FF1C}.Debug|Any CPU.ActiveCfg = Debug|Any CPU
		{F2B55749-3A2B-4D13-9FBE-F68A9CD9FF1C}.Debug|Any CPU.Build.0 = Debug|Any CPU
		{F2B55749-3A2B-4D13-9FBE-F68A9CD9FF1C}.Release|Any CPU.ActiveCfg = Release|Any CPU
		{F2B55749-3A2B-4D13-9FBE-F68A9CD9FF1C}.Release|Any CPU.Build.0 = Release|Any CPU
		{0A70AE53-810D-49AC-BE17-769A0D521AD9}.Debug|Any CPU.ActiveCfg = Debug|Any CPU
		{0A70AE53-810D-49AC-BE17-769A0D521AD9}.Debug|Any CPU.Build.0 = Debug|Any CPU
		{0A70AE53-810D-49AC-BE17-769A0D521AD9}.Release|Any CPU.ActiveCfg = Release|Any CPU
		{0A70AE53-810D-49AC-BE17-769A0D521AD9}.Release|Any CPU.Build.0 = Release|Any CPU
	EndGlobalSection
	GlobalSection(SolutionProperties) = preSolution
		HideSolutionNode = FALSE
	EndGlobalSection
	GlobalSection(NestedProjects) = preSolution
		{BB130122-4CBE-4387-A588-5E1E90522F0C} = {0E097D2B-24A1-460D-ADAF-821B8DE03AD5}
		{03B7A1E7-0DCE-4C87-A60D-0B3CD6795AB2} = {5C7D424D-C6A2-49CE-850C-7BCD73C5F351}
		{95D5319E-CF77-4D4F-9FBE-7CAEB6879E11} = {03B7A1E7-0DCE-4C87-A60D-0B3CD6795AB2}
		{69B0384A-BFA9-4191-A167-FBFB40A8F56B} = {5C7D424D-C6A2-49CE-850C-7BCD73C5F351}
		{3DC7F97E-4A1B-4943-8A0F-CBE4E4A792FD} = {69B0384A-BFA9-4191-A167-FBFB40A8F56B}
		{ECFDBD3A-F7AD-42EF-8A4B-EB916EE011F8} = {5C7D424D-C6A2-49CE-850C-7BCD73C5F351}
		{EEADDFA5-EAEE-462C-82D6-34C7B626FE15} = {ECFDBD3A-F7AD-42EF-8A4B-EB916EE011F8}
		{EC953233-F225-42AC-8662-1E9EE39B822B} = {5C7D424D-C6A2-49CE-850C-7BCD73C5F351}
		{32947C4A-A9A8-4893-BDE4-80097109AECB} = {EC953233-F225-42AC-8662-1E9EE39B822B}
		{D433C08E-5504-4BC7-B2C7-0FA63638A5DA} = {5C7D424D-C6A2-49CE-850C-7BCD73C5F351}
		{7059E107-7191-4C10-87CB-1E469F1870E4} = {5C7D424D-C6A2-49CE-850C-7BCD73C5F351}
		{B16D3BE1-3413-4660-90C0-664FB080F656} = {D433C08E-5504-4BC7-B2C7-0FA63638A5DA}
		{54997ACD-5581-42D1-9D06-4BC0BBBC4202} = {7059E107-7191-4C10-87CB-1E469F1870E4}
		{880181CB-F14C-400E-AA2A-A77F9051C4DD} = {9AC4786B-774C-457F-BE8C-A73360E58D9B}
		{5138FE58-5CDE-4DC2-88E8-08515ED041DC} = {9AC4786B-774C-457F-BE8C-A73360E58D9B}
		{C8D00430-239A-4F56-B97F-B37923A81EB4} = {9AC4786B-774C-457F-BE8C-A73360E58D9B}
		{4A4E5566-C1EC-4D29-B169-063932A28FB3} = {9AC4786B-774C-457F-BE8C-A73360E58D9B}
		{5389BEE1-97F5-462F-AB7A-44A6B168003B} = {880181CB-F14C-400E-AA2A-A77F9051C4DD}
		{F6DAFC9B-ED71-4D8C-9B03-B1BBA463C66E} = {5138FE58-5CDE-4DC2-88E8-08515ED041DC}
		{4E74E93E-D59E-406B-A1ED-A82B207332F8} = {C8D00430-239A-4F56-B97F-B37923A81EB4}
		{D3774A61-81BC-4D9F-AA57-3DA6DC0A830B} = {4A4E5566-C1EC-4D29-B169-063932A28FB3}
		{AA38E246-BE15-4EA7-86ED-BF591927073A} = {20519E6D-7929-433B-BC5A-44CB4BAC0517}
		{10437FAB-01CC-4E28-92E5-82BCBFD712B7} = {20519E6D-7929-433B-BC5A-44CB4BAC0517}
		{8476C941-893B-4EE0-BD01-9562E3871910} = {20519E6D-7929-433B-BC5A-44CB4BAC0517}
		{B7362AC1-748C-4C56-8E14-D62A0EDFCB63} = {20519E6D-7929-433B-BC5A-44CB4BAC0517}
		{9FFEE4DA-2A45-4FA9-81C3-E0F167C2D166} = {AA38E246-BE15-4EA7-86ED-BF591927073A}
		{D742BCB5-60A1-4AA9-93E8-353E23D4FE1C} = {10437FAB-01CC-4E28-92E5-82BCBFD712B7}
		{D1349922-FF5B-4CB7-AE30-F675B564E4FD} = {8476C941-893B-4EE0-BD01-9562E3871910}
		{3318177F-D3C7-4A0F-9C4F-6EF31F9174AF} = {B7362AC1-748C-4C56-8E14-D62A0EDFCB63}
		{83F1E3C3-A4BD-4A09-9981-1ED12474015C} = {D76C0A73-78A5-4001-BE42-8D360FB3A86B}
		{D19CF2F0-B2D4-4C67-8793-B31A9DED4EDE} = {83F1E3C3-A4BD-4A09-9981-1ED12474015C}
		{5A370876-E8E2-42FB-A0A3-B35EC532918E} = {D76C0A73-78A5-4001-BE42-8D360FB3A86B}
		{C9B38F59-C46D-440D-96EA-374423351EA6} = {5A370876-E8E2-42FB-A0A3-B35EC532918E}
		{F082E4E1-FE5F-41DD-8BDF-40BC551B1004} = {D76C0A73-78A5-4001-BE42-8D360FB3A86B}
		{97372A4E-4179-49E7-81C0-E251EE101D76} = {F082E4E1-FE5F-41DD-8BDF-40BC551B1004}
		{45756688-6BB0-4937-8E14-240C4B9D49A5} = {D76C0A73-78A5-4001-BE42-8D360FB3A86B}
		{BD495F1F-D15A-425C-A847-283C3237F209} = {45756688-6BB0-4937-8E14-240C4B9D49A5}
		{24E56354-0244-43FA-B2BF-287BB7F5DFFD} = {D76C0A73-78A5-4001-BE42-8D360FB3A86B}
		{F2B55749-3A2B-4D13-9FBE-F68A9CD9FF1C} = {24E56354-0244-43FA-B2BF-287BB7F5DFFD}
		{0A70AE53-810D-49AC-BE17-769A0D521AD9} = {DEE0FBC5-5109-4525-B85C-C59BC4703796}
	EndGlobalSection
	GlobalSection(ExtensibilityGlobals) = postSolution
		SolutionGuid = {759ADD8A-F0D0-47DF-AEEF-FE8805CFA518}
	EndGlobalSection
EndGlobal
